
Microsoft Visual Studio Solution File, Format Version 12.00
# Visual Studio Version 17
VisualStudioVersion = 17.12.35707.178 d17.12
MinimumVisualStudioVersion = 10.0.40219.1
Project("{FAE04EC0-301F-11D3-BF4B-00C04F79EFBC}") = "RiihiSoftTest.Api", "RiihiSoftTest.Api\RiihiSoftTest.Api.csproj", "{1FBC7F44-5D90-4C85-A6A2-995D1DC25C8A}"
EndProject
Project("{54A90642-561A-4BB1-A94E-469ADEE60C69}") = "riihisofttest.web", "RiihiSoftTest.Web\riihisofttest.web.esproj", "{2D20A3CE-1BDB-45BF-B23B-03BCDBAA3597}"
EndProject
Global
	GlobalSection(SolutionConfigurationPlatforms) = preSolution
		Debug|Any CPU = Debug|Any CPU
		Release|Any CPU = Release|Any CPU
	EndGlobalSection
	GlobalSection(ProjectConfigurationPlatforms) = postSolution
		{1FBC7F44-5D90-4C85-A6A2-995D1DC25C8A}.Debug|Any CPU.ActiveCfg = Debug|Any CPU
		{1FBC7F44-5D90-4C85-A6A2-995D1DC25C8A}.Debug|Any CPU.Build.0 = Debug|Any CPU
		{1FBC7F44-5D90-4C85-A6A2-995D1DC25C8A}.Release|Any CPU.ActiveCfg = Release|Any CPU
		{1FBC7F44-5D90-4C85-A6A2-995D1DC25C8A}.Release|Any CPU.Build.0 = Release|Any CPU
		{2D20A3CE-1BDB-45BF-B23B-03BCDBAA3597}.Debug|Any CPU.ActiveCfg = Debug|Any CPU
		{2D20A3CE-1BDB-45BF-B23B-03BCDBAA3597}.Debug|Any CPU.Build.0 = Debug|Any CPU
		{2D20A3CE-1BDB-45BF-B23B-03BCDBAA3597}.Debug|Any CPU.Deploy.0 = Debug|Any CPU
		{2D20A3CE-1BDB-45BF-B23B-03BCDBAA3597}.Release|Any CPU.ActiveCfg = Release|Any CPU
		{2D20A3CE-1BDB-45BF-B23B-03BCDBAA3597}.Release|Any CPU.Build.0 = Release|Any CPU
		{2D20A3CE-1BDB-45BF-B23B-03BCDBAA3597}.Release|Any CPU.Deploy.0 = Release|Any CPU
	EndGlobalSection
	GlobalSection(SolutionProperties) = preSolution
		HideSolutionNode = FALSE
	EndGlobalSection
EndGlobal
